PODS:
  - Amplitude-iOS (2.0.0)
  - Bugsnag (3.1.2)
  - Countly (15.06.01)
  - CrittercismSDK (5.5.6)
  - FlurrySDK (4.3.2):
    - FlurrySDK/FlurrySDK (= 4.3.2)
  - FlurrySDK/FlurrySDK (4.3.2)
  - GoogleAnalytics-iOS-SDK (3.0.9)
  - Kiwi (2.2.4):
    - Kiwi/SenTestingKit (= 2.2.4)
  - Kiwi/ARC (2.2.4)
  - Kiwi/NonARC (2.2.4)
  - Kiwi/SenTestingKit (2.2.4):
    - Kiwi/ARC
    - Kiwi/NonARC
  - Localytics-iOS-Client (2.21.1)
  - Mixpanel (2.3.6)
  - Tapstream (2.12.0)

DEPENDENCIES:
  - Amplitude-iOS (~> 2.0.0)
  - Bugsnag (~> 3.1.0.fork)
  - Countly
  - CrittercismSDK
  - FlurrySDK (~> 4.3.2)
  - GoogleAnalytics-iOS-SDK (~> 3.0.3c)
  - Kiwi (~> 2.2.3)
  - Localytics-iOS-Client (~> 2.21.0)
  - Mixpanel (~> 2.3.2)
  - Tapstream (~> 2.6)

SPEC REPOS:
  https://github.com/cocoapods/specs.git:
    - Amplitude-iOS
    - Bugsnag
    - Countly
    - CrittercismSDK
    - FlurrySDK
    - GoogleAnalytics-iOS-SDK
    - Kiwi
    - Localytics-iOS-Client
    - Mixpanel
    - Tapstream

SPEC CHECKSUMS:
  Amplitude-iOS: c2e390e272b93d762e115f7e9c09f913f6fa45fe
  Bugsnag: fa1255f70b6f7feea22f8ee538833382ae846c27
  Countly: 2151c5286995b84972ba4a92c3fba6b5fafce6bb
  CrittercismSDK: 1ba49c922528da3a21dbec6cde8e34c8170cdbb5
  FlurrySDK: 49bdf33234f60c5ff19bc23ed7a8d0fcc7118c34
  GoogleAnalytics-iOS-SDK: 3b0994bef22ed2e176a9e2a4d1660c7c2542eb47
  Kiwi: c58165bd21aba5c7541adec5ab55a238832808b9
  Localytics-iOS-Client: e5a4217f5a462071fc214c7deb4dc5960fa03ece
  Mixpanel: dc56111f1b327b38e0ae5a805f33f5d0c9e7f7f2
  Tapstream: a2f97ac2f4460916c4e51f7deaf1b85d99316878

PODFILE CHECKSUM: 513192de03028e5388c25058da150752b32dfc15

COCOAPODS: 1.5.3
